{
    "_meta": {
        "hash": {
            "sha256": "a415ad93222d9702de5e7f394f74830c09f190426dccb41577cdad6cc3512f33"
        },
        "pipfile-spec": 6,
        "requires": {
            "python_version": "3"
        },
        "sources": [
            {
                "name": "pypi",
                "url": "https://pypi.org/simple",
                "verify_ssl": true
            }
        ]
    },
    "default": {
        "faker": {
            "hashes": [
                "sha256:a7244b7f25503811072122d98918f445df276ea80c5e38448f51a3b765665ece",
                "sha256:dc46ddaf9bd33998c49c69dc68273bb5b11e41820b38f05296d3241c7d681597"
            ],
            "index": "pypi",
            "version": "==12.3.3"
        },
        "faker-food": {
            "hashes": [
                "sha256:333e0d48a347d6b1d59dcf305d2df8cf9e99c041788ba56d56e24d8d8320c23f",
                "sha256:fd7c8c69de7944f0496085800f04c194ab2c73f3899779a4e8be4382f96e4c27"
            ],
            "index": "pypi",
            "version": "==0.1.0"
        },
        "python-dateutil": {
            "hashes": [
                "sha256:0123cacc1627ae19ddf3c27a5de5bd67ee4586fbdd6440d9748f8abb483d3e86",
                "sha256:961d03dc3453ebbc59dbdea9e4e11c5651520a876d0f4db161e8674aae935da9"
            ],
            "markers": "python_version >= '2.7' and python_version not in '3.0, 3.1, 3.2, 3.3'",
            "version": "==2.8.2"
        },
        "six": {
            "hashes": [
                "sha256:1e61c37477a1626458e36f7b1d82aa5c9b094fa4802892072e49de9c60c4c926",
                "sha256:8abb2f1d86890a2dfb989f9a77cfcfd3e47c2a354b01111771326f8aa26e0254"
            ],
            "markers": "python_version >= '2.7' and python_version not in '3.0, 3.1, 3.2, 3.3'",
            "version": "==1.16.0"
        }
    },
    "develop": {}
}
